
Microsoft Visual Studio Solution File, Format Version 12.00
# Visual Studio Version 16
VisualStudioVersion = 16.0.30104.148
MinimumVisualStudioVersion = 10.0.40219.1
Project("{FAE04EC0-301F-11D3-BF4B-00C04F79EFBC}") = "PruebasGit", "PruebasGit\PruebasGit.csproj", "{06B2D2D8-6275-48EE-A9B3-C21D8974914B}"
EndProject
Global
	GlobalSection(SolutionConfigurationPlatforms) = preSolution
		Debug|Any CPU = Debug|Any CPU
		Release|Any CPU = Release|Any CPU
	EndGlobalSection
	GlobalSection(ProjectConfigurationPlatforms) = postSolution
		{06B2D2D8-6275-48EE-A9B3-C21D8974914B}.Debug|Any CPU.ActiveCfg = Debug|Any CPU
		{06B2D2D8-6275-48EE-A9B3-C21D8974914B}.Debug|Any CPU.Build.0 = Debug|Any CPU
		{06B2D2D8-6275-48EE-A9B3-C21D8974914B}.Release|Any CPU.ActiveCfg = Release|Any CPU
		{06B2D2D8-6275-48EE-A9B3-C21D8974914B}.Release|Any CPU.Build.0 = Release|Any CPU
	EndGlobalSection
	GlobalSection(SolutionProperties) = preSolution
		HideSolutionNode = FALSE
	EndGlobalSection
	GlobalSection(ExtensibilityGlobals) = postSolution
		SolutionGuid = {84E740FD-FFDA-4F2B-A0DB-947B0C144C99}
	EndGlobalSection
EndGlobal
